
Microsoft Visual Studio Solution File, Format Version 11.00
# Visual Studio 2010
Project("{FAE04EC0-301F-11D3-BF4B-00C04F79EFBC}") = "XtraSubreport.Engine", "XtraSubreportEngine\XtraSubreport.Engine.csproj", "{007F71E6-FFA1-4511-BC93-4BDFBE2FD896}"
EndProject
Project("{FAE04EC0-301F-11D3-BF4B-00C04F79EFBC}") = "XtraSubreport.Contracts", "XtraSubreport.Contracts\XtraSubreport.Contracts.csproj", "{316A7AB5-8178-4F21-BAF4-C4D470594477}"
EndProject
Project("{FAE04EC0-301F-11D3-BF4B-00C04F79EFBC}") = "XtraSubReport.Tests", "XtraSubReport.Tests\XtraSubReport.Tests.csproj", "{9F42907D-8C0E-4D29-856A-C64A182FB97F}"
EndProject
Project("{2150E333-8FDC-42A3-9474-1A3956D46DE8}") = "Solution Items", "Solution Items", "{DE10C699-9DC1-4820-85B5-64D8EED59754}"
	ProjectSection(SolutionItems) = preProject
		Local.testsettings = Local.testsettings
		TraceAndTestImpact.testsettings = TraceAndTestImpact.testsettings
		XtraSubreportEngine.vsmdi = XtraSubreportEngine.vsmdi
	EndProjectSection
EndProject
Project("{FAE04EC0-301F-11D3-BF4B-00C04F79EFBC}") = "XtraSubReport.Winforms", "XtraSubReport.Winforms\XtraSubReport.Winforms.csproj", "{32BA9C78-C41C-4E3E-B987-33018F28A47B}"
EndProject
Project("{FAE04EC0-301F-11D3-BF4B-00C04F79EFBC}") = "NorthwindOData", "NorthwindOData\NorthwindOData.csproj", "{13A64BA9-F7C5-462F-A575-AAAB29CF71FB}"
EndProject
Project("{FAE04EC0-301F-11D3-BF4B-00C04F79EFBC}") = "ColorReplaceAction", "ColorReplaceAction\ColorReplaceAction.csproj", "{7F3F5266-9D51-47A6-BE5C-292B13939D46}"
EndProject
Project("{2150E333-8FDC-42A3-9474-1A3956D46DE8}") = "Engine", "Engine", "{6FE18001-39CC-4370-A462-D05E57F5A4FF}"
EndProject
Project("{2150E333-8FDC-42A3-9474-1A3956D46DE8}") = "Tests", "Tests", "{F8BC9BA4-8FB2-423C-8E52-00F829698D4D}"
EndProject
Project("{2150E333-8FDC-42A3-9474-1A3956D46DE8}") = "Samples", "Samples", "{9A899BEC-E1D5-4C78-827C-358141D49AD3}"
EndProject
Global
	GlobalSection(TestCaseManagementSettings) = postSolution
		CategoryFile = XtraSubreportEngine.vsmdi
	EndGlobalSection
	GlobalSection(SolutionConfigurationPlatforms) = preSolution
		Debug|Any CPU = Debug|Any CPU
		Debug|Mixed Platforms = Debug|Mixed Platforms
		Debug|x86 = Debug|x86
		Release|Any CPU = Release|Any CPU
		Release|Mixed Platforms = Release|Mixed Platforms
		Release|x86 = Release|x86
	EndGlobalSection
	GlobalSection(ProjectConfigurationPlatforms) = postSolution
		{007F71E6-FFA1-4511-BC93-4BDFBE2FD896}.Debug|Any CPU.ActiveCfg = Debug|Any CPU
		{007F71E6-FFA1-4511-BC93-4BDFBE2FD896}.Debug|Any CPU.Build.0 = Debug|Any CPU
		{007F71E6-FFA1-4511-BC93-4BDFBE2FD896}.Debug|Mixed Platforms.ActiveCfg = Debug|Any CPU
		{007F71E6-FFA1-4511-BC93-4BDFBE2FD896}.Debug|Mixed Platforms.Build.0 = Debug|Any CPU
		{007F71E6-FFA1-4511-BC93-4BDFBE2FD896}.Debug|x86.ActiveCfg = Debug|Any CPU
		{007F71E6-FFA1-4511-BC93-4BDFBE2FD896}.Release|Any CPU.ActiveCfg = Release|Any CPU
		{007F71E6-FFA1-4511-BC93-4BDFBE2FD896}.Release|Any CPU.Build.0 = Release|Any CPU
		{007F71E6-FFA1-4511-BC93-4BDFBE2FD896}.Release|Mixed Platforms.ActiveCfg = Release|Any CPU
		{007F71E6-FFA1-4511-BC93-4BDFBE2FD896}.Release|Mixed Platforms.Build.0 = Release|Any CPU
		{007F71E6-FFA1-4511-BC93-4BDFBE2FD896}.Release|x86.ActiveCfg = Release|Any CPU
		{316A7AB5-8178-4F21-BAF4-C4D470594477}.Debug|Any CPU.ActiveCfg = Debug|Any CPU
		{316A7AB5-8178-4F21-BAF4-C4D470594477}.Debug|Any CPU.Build.0 = Debug|Any CPU
		{316A7AB5-8178-4F21-BAF4-C4D470594477}.Debug|Mixed Platforms.ActiveCfg = Debug|Any CPU
		{316A7AB5-8178-4F21-BAF4-C4D470594477}.Debug|Mixed Platforms.Build.0 = Debug|Any CPU
		{316A7AB5-8178-4F21-BAF4-C4D470594477}.Debug|x86.ActiveCfg = Debug|Any CPU
		{316A7AB5-8178-4F21-BAF4-C4D470594477}.Release|Any CPU.ActiveCfg = Release|Any CPU
		{316A7AB5-8178-4F21-BAF4-C4D470594477}.Release|Any CPU.Build.0 = Release|Any CPU
		{316A7AB5-8178-4F21-BAF4-C4D470594477}.Release|Mixed Platforms.ActiveCfg = Release|Any CPU
		{316A7AB5-8178-4F21-BAF4-C4D470594477}.Release|Mixed Platforms.Build.0 = Release|Any CPU
		{316A7AB5-8178-4F21-BAF4-C4D470594477}.Release|x86.ActiveCfg = Release|Any CPU
		{9F42907D-8C0E-4D29-856A-C64A182FB97F}.Debug|Any CPU.ActiveCfg = Debug|Any CPU
		{9F42907D-8C0E-4D29-856A-C64A182FB97F}.Debug|Any CPU.Build.0 = Debug|Any CPU
		{9F42907D-8C0E-4D29-856A-C64A182FB97F}.Debug|Mixed Platforms.ActiveCfg = Debug|Any CPU
		{9F42907D-8C0E-4D29-856A-C64A182FB97F}.Debug|Mixed Platforms.Build.0 = Debug|Any CPU
		{9F42907D-8C0E-4D29-856A-C64A182FB97F}.Debug|x86.ActiveCfg = Debug|Any CPU
		{9F42907D-8C0E-4D29-856A-C64A182FB97F}.Release|Any CPU.ActiveCfg = Release|Any CPU
		{9F42907D-8C0E-4D29-856A-C64A182FB97F}.Release|Any CPU.Build.0 = Release|Any CPU
		{9F42907D-8C0E-4D29-856A-C64A182FB97F}.Release|Mixed Platforms.ActiveCfg = Release|Any CPU
		{9F42907D-8C0E-4D29-856A-C64A182FB97F}.Release|Mixed Platforms.Build.0 = Release|Any CPU
		{9F42907D-8C0E-4D29-856A-C64A182FB97F}.Release|x86.ActiveCfg = Release|Any CPU
		{32BA9C78-C41C-4E3E-B987-33018F28A47B}.Debug|Any CPU.ActiveCfg = Debug|x86
		{32BA9C78-C41C-4E3E-B987-33018F28A47B}.Debug|Mixed Platforms.ActiveCfg = Debug|x86
		{32BA9C78-C41C-4E3E-B987-33018F28A47B}.Debug|Mixed Platforms.Build.0 = Debug|x86
		{32BA9C78-C41C-4E3E-B987-33018F28A47B}.Debug|x86.ActiveCfg = Debug|x86
		{32BA9C78-C41C-4E3E-B987-33018F28A47B}.Debug|x86.Build.0 = Debug|x86
		{32BA9C78-C41C-4E3E-B987-33018F28A47B}.Release|Any CPU.ActiveCfg = Release|x86
		{32BA9C78-C41C-4E3E-B987-33018F28A47B}.Release|Mixed Platforms.ActiveCfg = Release|x86
		{32BA9C78-C41C-4E3E-B987-33018F28A47B}.Release|Mixed Platforms.Build.0 = Release|x86
		{32BA9C78-C41C-4E3E-B987-33018F28A47B}.Release|x86.ActiveCfg = Release|x86
		{32BA9C78-C41C-4E3E-B987-33018F28A47B}.Release|x86.Build.0 = Release|x86
		{13A64BA9-F7C5-462F-A575-AAAB29CF71FB}.Debug|Any CPU.ActiveCfg = Debug|Any CPU
		{13A64BA9-F7C5-462F-A575-AAAB29CF71FB}.Debug|Any CPU.Build.0 = Debug|Any CPU
		{13A64BA9-F7C5-462F-A575-AAAB29CF71FB}.Debug|Mixed Platforms.ActiveCfg = Debug|Any CPU
		{13A64BA9-F7C5-462F-A575-AAAB29CF71FB}.Debug|Mixed Platforms.Build.0 = Debug|Any CPU
		{13A64BA9-F7C5-462F-A575-AAAB29CF71FB}.Debug|x86.ActiveCfg = Debug|Any CPU
		{13A64BA9-F7C5-462F-A575-AAAB29CF71FB}.Release|Any CPU.ActiveCfg = Release|Any CPU
		{13A64BA9-F7C5-462F-A575-AAAB29CF71FB}.Release|Any CPU.Build.0 = Release|Any CPU
		{13A64BA9-F7C5-462F-A575-AAAB29CF71FB}.Release|Mixed Platforms.ActiveCfg = Release|Any CPU
		{13A64BA9-F7C5-462F-A575-AAAB29CF71FB}.Release|Mixed Platforms.Build.0 = Release|Any CPU
		{13A64BA9-F7C5-462F-A575-AAAB29CF71FB}.Release|x86.ActiveCfg = Release|Any CPU
		{7F3F5266-9D51-47A6-BE5C-292B13939D46}.Debug|Any CPU.ActiveCfg = Debug|Any CPU
		{7F3F5266-9D51-47A6-BE5C-292B13939D46}.Debug|Any CPU.Build.0 = Debug|Any CPU
		{7F3F5266-9D51-47A6-BE5C-292B13939D46}.Debug|Mixed Platforms.ActiveCfg = Debug|Any CPU
		{7F3F5266-9D51-47A6-BE5C-292B13939D46}.Debug|Mixed Platforms.Build.0 = Debug|Any CPU
		{7F3F5266-9D51-47A6-BE5C-292B13939D46}.Debug|x86.ActiveCfg = Debug|Any CPU
		{7F3F5266-9D51-47A6-BE5C-292B13939D46}.Release|Any CPU.ActiveCfg = Release|Any CPU
		{7F3F5266-9D51-47A6-BE5C-292B13939D46}.Release|Any CPU.Build.0 = Release|Any CPU
		{7F3F5266-9D51-47A6-BE5C-292B13939D46}.Release|Mixed Platforms.ActiveCfg = Release|Any CPU
		{7F3F5266-9D51-47A6-BE5C-292B13939D46}.Release|Mixed Platforms.Build.0 = Release|Any CPU
		{7F3F5266-9D51-47A6-BE5C-292B13939D46}.Release|x86.ActiveCfg = Release|Any CPU
	EndGlobalSection
	GlobalSection(SolutionProperties) = preSolution
		HideSolutionNode = FALSE
	EndGlobalSection
	GlobalSection(NestedProjects) = preSolution
		{316A7AB5-8178-4F21-BAF4-C4D470594477} = {6FE18001-39CC-4370-A462-D05E57F5A4FF}
		{007F71E6-FFA1-4511-BC93-4BDFBE2FD896} = {6FE18001-39CC-4370-A462-D05E57F5A4FF}
		{9F42907D-8C0E-4D29-856A-C64A182FB97F} = {F8BC9BA4-8FB2-423C-8E52-00F829698D4D}
		{32BA9C78-C41C-4E3E-B987-33018F28A47B} = {9A899BEC-E1D5-4C78-827C-358141D49AD3}
		{7F3F5266-9D51-47A6-BE5C-292B13939D46} = {9A899BEC-E1D5-4C78-827C-358141D49AD3}
		{13A64BA9-F7C5-462F-A575-AAAB29CF71FB} = {9A899BEC-E1D5-4C78-827C-358141D49AD3}
	EndGlobalSection
EndGlobal
